
Microsoft Visual Studio Solution File, Format Version 12.00
# Visual Studio 15
VisualStudioVersion = 15.0.26403.7
MinimumVisualStudioVersion = 10.0.40219.1
Project("{FAE04EC0-301F-11D3-BF4B-00C04F79EFBC}") = "Moelyrics.Web", "MoeLyrics.Web\Moelyrics.Web.csproj", "{8C7C5063-08EE-4965-A15B-50FCC06B4FAB}"
EndProject
Global
	GlobalSection(SolutionConfigurationPlatforms) = preSolution
		Debug|Any CPU = Debug|Any CPU
		Release|Any CPU = Release|Any CPU
	EndGlobalSection
	GlobalSection(ProjectConfigurationPlatforms) = postSolution
		{8C7C5063-08EE-4965-A15B-50FCC06B4FAB}.Debug|Any CPU.ActiveCfg = Debug|Any CPU
		{8C7C5063-08EE-4965-A15B-50FCC06B4FAB}.Debug|Any CPU.Build.0 = Debug|Any CPU
		{8C7C5063-08EE-4965-A15B-50FCC06B4FAB}.Release|Any CPU.ActiveCfg = Release|Any CPU
		{8C7C5063-08EE-4965-A15B-50FCC06B4FAB}.Release|Any CPU.Build.0 = Release|Any CPU
	EndGlobalSection
	GlobalSection(SolutionProperties) = preSolution
		HideSolutionNode = FALSE
	EndGlobalSection
EndGlobal
